<Solution>
  <Folder Name="/src/">
    <Project Path="src/PropNest.Api/PropNest.Api.csproj" />
    <Project Path="src/PropNest.Application/PropNest.Application.csproj" />
    <Project Path="src/PropNest.Domain/PropNest.Domain.csproj" />
    <Project Path="src/PropNest.Infrastructure/PropNest.Infrastructure.csproj" />
    <Project Path="src/PropNest.Workflow.Worker/PropNest.Workflow.Worker.csproj" />
  </Folder>
  <Folder Name="/tests/">
    <Project Path="tests/PropNest.Domain.Tests/PropNest.Domain.Tests.csproj" />
  </Folder>
  <Folder Name="/web/">
    <Project Path="web/ProNest.Web.Admin/ProNest.Web.Admin.csproj" Id="c98dfb07-9230-47f8-b669-0a0b69d7c177" />
    <Project Path="web/ProNest.Web.Client/ProNest.Web.Client.csproj" Id="449ce694-f52a-4ae6-86c4-b7bedcae520f" />
    <Project Path="web/ProNest.Web.Seller/ProNest.Web.Seller.csproj" Id="edbd5b11-997c-4f45-bb17-d7714e909a16" />
  </Folder>
</Solution>
